
Microsoft Visual Studio Solution File, Format Version 12.00
# Visual Studio Version 16
VisualStudioVersion = 16.0.31515.178
MinimumVisualStudioVersion = 10.0.40219.1
Project("{9A19103F-16F7-4668-BE54-9A1E7A4F7556}") = "ngCoreSmartApp", "ngCoreSmartApp\ngCoreSmartApp.csproj", "{096AB279-F97C-43DD-A73C-73F039D326B3}"
EndProject
Project("{FAE04EC0-301F-11D3-BF4B-00C04F79EFBC}") = "DAL", "DAL\DAL.csproj", "{E951B5C0-A73E-4EE9-84FA-77D71BEF2DC3}"
EndProject
Global
	GlobalSection(SolutionConfigurationPlatforms) = preSolution
		Debug|Any CPU = Debug|Any CPU
		Release|Any CPU = Release|Any CPU
	EndGlobalSection
	GlobalSection(ProjectConfigurationPlatforms) = postSolution
		{096AB279-F97C-43DD-A73C-73F039D326B3}.Debug|Any CPU.ActiveCfg = Debug|Any CPU
		{096AB279-F97C-43DD-A73C-73F039D326B3}.Debug|Any CPU.Build.0 = Debug|Any CPU
		{096AB279-F97C-43DD-A73C-73F039D326B3}.Release|Any CPU.ActiveCfg = Release|Any CPU
		{096AB279-F97C-43DD-A73C-73F039D326B3}.Release|Any CPU.Build.0 = Release|Any CPU
		{E951B5C0-A73E-4EE9-84FA-77D71BEF2DC3}.Debug|Any CPU.ActiveCfg = Debug|Any CPU
		{E951B5C0-A73E-4EE9-84FA-77D71BEF2DC3}.Debug|Any CPU.Build.0 = Debug|Any CPU
		{E951B5C0-A73E-4EE9-84FA-77D71BEF2DC3}.Release|Any CPU.ActiveCfg = Release|Any CPU
		{E951B5C0-A73E-4EE9-84FA-77D71BEF2DC3}.Release|Any CPU.Build.0 = Release|Any CPU
	EndGlobalSection
	GlobalSection(SolutionProperties) = preSolution
		HideSolutionNode = FALSE
	EndGlobalSection
	GlobalSection(ExtensibilityGlobals) = postSolution
		SolutionGuid = {54F9F7FD-A28E-4B54-8B7F-3C8341000D3E}
	EndGlobalSection
EndGlobal
